
Microsoft Visual Studio Solution File, Format Version 12.00
# Visual Studio Version 17
VisualStudioVersion = 17.8.34322.80
MinimumVisualStudioVersion = 10.0.40219.1
Project("{FAE04EC0-301F-11D3-BF4B-00C04F79EFBC}") = "Deneme1234", "Deneme1234\Deneme1234.csproj", "{52F3F0D1-4717-4F0B-A014-2088868A552A}"
EndProject
Global
	GlobalSection(SolutionConfigurationPlatforms) = preSolution
		Debug|Any CPU = Debug|Any CPU
		Release|Any CPU = Release|Any CPU
	EndGlobalSection
	GlobalSection(ProjectConfigurationPlatforms) = postSolution
		{52F3F0D1-4717-4F0B-A014-2088868A552A}.Debug|Any CPU.ActiveCfg = Debug|Any CPU
		{52F3F0D1-4717-4F0B-A014-2088868A552A}.Debug|Any CPU.Build.0 = Debug|Any CPU
		{52F3F0D1-4717-4F0B-A014-2088868A552A}.Release|Any CPU.ActiveCfg = Release|Any CPU
		{52F3F0D1-4717-4F0B-A014-2088868A552A}.Release|Any CPU.Build.0 = Release|Any CPU
	EndGlobalSection
	GlobalSection(SolutionProperties) = preSolution
		HideSolutionNode = FALSE
	EndGlobalSection
	GlobalSection(ExtensibilityGlobals) = postSolution
		SolutionGuid = {4860B88A-2F9A-4ED7-9629-145F24635AF9}
	EndGlobalSection
EndGlobal
